
Microsoft Visual Studio Solution File, Format Version 12.00
# Visual Studio Version 17
VisualStudioVersion = 17.8.34322.80
MinimumVisualStudioVersion = 10.0.40219.1
Project("{9A19103F-16F7-4668-BE54-9A1E7A4F7556}") = "testtt", "testtt\testtt.csproj", "{EB58EF6E-7B89-4513-AFF7-93F4EB38BC7B}"
EndProject
Global
	GlobalSection(SolutionConfigurationPlatforms) = preSolution
		Debug|Any CPU = Debug|Any CPU
		Release|Any CPU = Release|Any CPU
	EndGlobalSection
	GlobalSection(ProjectConfigurationPlatforms) = postSolution
		{EB58EF6E-7B89-4513-AFF7-93F4EB38BC7B}.Debug|Any CPU.ActiveCfg = Debug|Any CPU
		{EB58EF6E-7B89-4513-AFF7-93F4EB38BC7B}.Debug|Any CPU.Build.0 = Debug|Any CPU
		{EB58EF6E-7B89-4513-AFF7-93F4EB38BC7B}.Release|Any CPU.ActiveCfg = Release|Any CPU
		{EB58EF6E-7B89-4513-AFF7-93F4EB38BC7B}.Release|Any CPU.Build.0 = Release|Any CPU
	EndGlobalSection
	GlobalSection(SolutionProperties) = preSolution
		HideSolutionNode = FALSE
	EndGlobalSection
	GlobalSection(ExtensibilityGlobals) = postSolution
		SolutionGuid = {CDE81424-27D8-4252-B774-F2287C0376F7}
	EndGlobalSection
EndGlobal
